
Microsoft Visual Studio Solution File, Format Version 12.00
# Visual Studio Version 17
VisualStudioVersion = 17.5.33414.496
MinimumVisualStudioVersion = 10.0.40219.1
Project("{9A19103F-16F7-4668-BE54-9A1E7A4F7556}") = "GraphWebApi", "GraphWebApi\GraphWebApi.csproj", "{9B8D74F3-26AE-4B0E-BFB2-0D9CFF6327C1}"
EndProject
Project("{9A19103F-16F7-4668-BE54-9A1E7A4F7556}") = "CodeSnippetsReflection.OData", "CodeSnippetsReflection.OData\CodeSnippetsReflection.OData.csproj", "{04A2CD71-175A-48C3-BF6F-213CE9CED440}"
EndProject
Project("{9A19103F-16F7-4668-BE54-9A1E7A4F7556}") = "CodeSnippetsReflection.OData.Test", "CodeSnippetsReflection.OData.Test\CodeSnippetsReflection.OData.Test.csproj", "{04379F1A-8A18-4079-8C89-E37065FE90D4}"
EndProject
Project("{9A19103F-16F7-4668-BE54-9A1E7A4F7556}") = "SamplesService", "SamplesService\SamplesService.csproj", "{6FD6FCCE-4519-49C4-AF8B-A4EB028559A6}"
EndProject
Project("{9A19103F-16F7-4668-BE54-9A1E7A4F7556}") = "SamplesService.Test", "SamplesService.Test\SamplesService.Test.csproj", "{9AE7112F-F35A-4474-9968-9FA3A33FCA7E}"
EndProject
Project("{9A19103F-16F7-4668-BE54-9A1E7A4F7556}") = "PermissionsService", "PermissionsService\PermissionsService.csproj", "{E50C9B93-D6E5-4D11-82AD-D741C1F2BD1C}"
EndProject
Project("{9A19103F-16F7-4668-BE54-9A1E7A4F7556}") = "FileService", "FileService\FileService.csproj", "{D9659D5A-8043-4E90-B270-680E7A76CC4E}"
EndProject
Project("{9A19103F-16F7-4668-BE54-9A1E7A4F7556}") = "PermissionsService.Test", "PermissionsService.Test\PermissionsService.Test.csproj", "{A8F6FD5F-2C15-442F-9170-91BBE2293520}"
EndProject
Project("{9A19103F-16F7-4668-BE54-9A1E7A4F7556}") = "OpenAPIService", "OpenAPIService\OpenAPIService.csproj", "{308A9E8D-5D74-4AAA-9C01-F72053B47444}"
EndProject
Project("{9A19103F-16F7-4668-BE54-9A1E7A4F7556}") = "OpenAPIService.Test", "OpenAPIService.Test\OpenAPIService.Test.csproj", "{B9FE6D79-3835-4A18-8FEE-551703838510}"
EndProject
Project("{9A19103F-16F7-4668-BE54-9A1E7A4F7556}") = "MockTestUtility", "MockTestUtility\MockTestUtility.csproj", "{DA2AA6C8-63EC-401C-AE30-4E06DDDFFD11}"
EndProject
Project("{9A19103F-16F7-4668-BE54-9A1E7A4F7556}") = "CodeSnippetsReflection.App", "CodeSnippetsReflection.App\CodeSnippetsReflection.App.csproj", "{3BEB31A0-ABFB-46E7-985B-98C38F6AF5A3}"
EndProject
Project("{9A19103F-16F7-4668-BE54-9A1E7A4F7556}") = "UriMatchingService", "UriMatchService\UriMatchingService.csproj", "{4E717FC0-105F-4CFB-84D9-08D122CD6634}"
EndProject
Project("{9A19103F-16F7-4668-BE54-9A1E7A4F7556}") = "UriMatchingService.Test", "UriMatchService.Test\UriMatchingService.Test.csproj", "{20E6C329-2B6F-4426-904B-65AD0B590741}"
EndProject
Project("{9A19103F-16F7-4668-BE54-9A1E7A4F7556}") = "TelemetrySanitizerService.Test", "TelemetryService.Test\TelemetrySanitizerService.Test.csproj", "{3F86F0DF-82CA-4EC2-8FC7-00B7B62A3A0B}"
EndProject
Project("{9A19103F-16F7-4668-BE54-9A1E7A4F7556}") = "TelemetrySanitizerService", "TelemetryService\TelemetrySanitizerService.csproj", "{F0BA9165-34C0-4A76-B42E-0FC274357AF0}"
EndProject
Project("{9A19103F-16F7-4668-BE54-9A1E7A4F7556}") = "UtilityService", "UtilityService\UtilityService.csproj", "{C3241050-9B95-49B9-B223-5FACF59F0052}"
EndProject
Project("{9A19103F-16F7-4668-BE54-9A1E7A4F7556}") = "UtilityService.Test", "UtilityService.Test\UtilityService.Test.csproj", "{0F4A15DC-F4CD-415D-A62D-6B0D95ED25E8}"
EndProject
Project("{9A19103F-16F7-4668-BE54-9A1E7A4F7556}") = "KnownIssuesService", "KnownIssuesService\KnownIssuesService.csproj", "{253AC0B3-6FE2-480F-A607-F9C72C106459}"
EndProject
Project("{9A19103F-16F7-4668-BE54-9A1E7A4F7556}") = "KnownIssuesService.Test", "KnownIssuesService.Test\KnownIssuesService.Test.csproj", "{74A17AE8-14C3-441F-AEB2-918E1F7799A2}"
EndProject
Project("{9A19103F-16F7-4668-BE54-9A1E7A4F7556}") = "ExceptionMiddleware.Test", "ExceptionMiddleware\ExceptionMiddleware.Test.csproj", "{C150AC49-68F4-4157-99F8-4B810B61A2E2}"
EndProject
Project("{9A19103F-16F7-4668-BE54-9A1E7A4F7556}") = "CodeSnippetsReflection.OpenAPI", "CodeSnippetsReflection.OpenAPI\CodeSnippetsReflection.OpenAPI.csproj", "{FC7F4D6D-B4E2-4EAF-BCD5-D9FA904EC9DF}"
EndProject
Project("{9A19103F-16F7-4668-BE54-9A1E7A4F7556}") = "CodeSnippetsReflection.OpenAPI.Test", "CodeSnippetsReflection.OpenAPI.Test\CodeSnippetsReflection.OpenAPI.Test.csproj", "{9694F3E6-0248-44F1-8343-CD8016383E4A}"
EndProject
Project("{9A19103F-16F7-4668-BE54-9A1E7A4F7556}") = "CodeSnippetsReflection", "CodeSnippetsReflection\CodeSnippetsReflection.csproj", "{791634FF-813B-4AAF-9421-E207828DB205}"
EndProject
Project("{9A19103F-16F7-4668-BE54-9A1E7A4F7556}") = "FileService.Test", "FileService.Test\FileService.Test.csproj", "{4F349336-BE07-4840-B375-1A52B0DE3828}"
EndProject
Project("{9A19103F-16F7-4668-BE54-9A1E7A4F7556}") = "CodeSnippetsPipeline.Test", "CodeSnippetsPipeline.Test\CodeSnippetsPipeline.Test.csproj", "{A2B71AE5-AA99-4D73-A6B9-41F2CA921F83}"
EndProject
Global
	GlobalSection(SolutionConfigurationPlatforms) = preSolution
		Debug|Any CPU = Debug|Any CPU
		Release|Any CPU = Release|Any CPU
	EndGlobalSection
	GlobalSection(ProjectConfigurationPlatforms) = postSolution
		{9B8D74F3-26AE-4B0E-BFB2-0D9CFF6327C1}.Debug|Any CPU.ActiveCfg = Debug|Any CPU
		{9B8D74F3-26AE-4B0E-BFB2-0D9CFF6327C1}.Debug|Any CPU.Build.0 = Debug|Any CPU
		{9B8D74F3-26AE-4B0E-BFB2-0D9CFF6327C1}.Release|Any CPU.ActiveCfg = Release|Any CPU
		{9B8D74F3-26AE-4B0E-BFB2-0D9CFF6327C1}.Release|Any CPU.Build.0 = Release|Any CPU
		{04A2CD71-175A-48C3-BF6F-213CE9CED440}.Debug|Any CPU.ActiveCfg = Debug|Any CPU
		{04A2CD71-175A-48C3-BF6F-213CE9CED440}.Debug|Any CPU.Build.0 = Debug|Any CPU
		{04A2CD71-175A-48C3-BF6F-213CE9CED440}.Release|Any CPU.ActiveCfg = Release|Any CPU
		{04A2CD71-175A-48C3-BF6F-213CE9CED440}.Release|Any CPU.Build.0 = Release|Any CPU
		{04379F1A-8A18-4079-8C89-E37065FE90D4}.Debug|Any CPU.ActiveCfg = Debug|Any CPU
		{04379F1A-8A18-4079-8C89-E37065FE90D4}.Debug|Any CPU.Build.0 = Debug|Any CPU
		{04379F1A-8A18-4079-8C89-E37065FE90D4}.Release|Any CPU.ActiveCfg = Release|Any CPU
		{04379F1A-8A18-4079-8C89-E37065FE90D4}.Release|Any CPU.Build.0 = Release|Any CPU
		{6FD6FCCE-4519-49C4-AF8B-A4EB028559A6}.Debug|Any CPU.ActiveCfg = Debug|Any CPU
		{6FD6FCCE-4519-49C4-AF8B-A4EB028559A6}.Debug|Any CPU.Build.0 = Debug|Any CPU
		{6FD6FCCE-4519-49C4-AF8B-A4EB028559A6}.Release|Any CPU.ActiveCfg = Release|Any CPU
		{6FD6FCCE-4519-49C4-AF8B-A4EB028559A6}.Release|Any CPU.Build.0 = Release|Any CPU
		{9AE7112F-F35A-4474-9968-9FA3A33FCA7E}.Debug|Any CPU.ActiveCfg = Debug|Any CPU
		{9AE7112F-F35A-4474-9968-9FA3A33FCA7E}.Debug|Any CPU.Build.0 = Debug|Any CPU
		{9AE7112F-F35A-4474-9968-9FA3A33FCA7E}.Release|Any CPU.ActiveCfg = Release|Any CPU
		{9AE7112F-F35A-4474-9968-9FA3A33FCA7E}.Release|Any CPU.Build.0 = Release|Any CPU
		{E50C9B93-D6E5-4D11-82AD-D741C1F2BD1C}.Debug|Any CPU.ActiveCfg = Debug|Any CPU
		{E50C9B93-D6E5-4D11-82AD-D741C1F2BD1C}.Debug|Any CPU.Build.0 = Debug|Any CPU
		{E50C9B93-D6E5-4D11-82AD-D741C1F2BD1C}.Release|Any CPU.ActiveCfg = Release|Any CPU
		{E50C9B93-D6E5-4D11-82AD-D741C1F2BD1C}.Release|Any CPU.Build.0 = Release|Any CPU
		{D9659D5A-8043-4E90-B270-680E7A76CC4E}.Debug|Any CPU.ActiveCfg = Debug|Any CPU
		{D9659D5A-8043-4E90-B270-680E7A76CC4E}.Debug|Any CPU.Build.0 = Debug|Any CPU
		{D9659D5A-8043-4E90-B270-680E7A76CC4E}.Release|Any CPU.ActiveCfg = Release|Any CPU
		{D9659D5A-8043-4E90-B270-680E7A76CC4E}.Release|Any CPU.Build.0 = Release|Any CPU
		{A8F6FD5F-2C15-442F-9170-91BBE2293520}.Debug|Any CPU.ActiveCfg = Debug|Any CPU
		{A8F6FD5F-2C15-442F-9170-91BBE2293520}.Debug|Any CPU.Build.0 = Debug|Any CPU
		{A8F6FD5F-2C15-442F-9170-91BBE2293520}.Release|Any CPU.ActiveCfg = Release|Any CPU
		{A8F6FD5F-2C15-442F-9170-91BBE2293520}.Release|Any CPU.Build.0 = Release|Any CPU
		{308A9E8D-5D74-4AAA-9C01-F72053B47444}.Debug|Any CPU.ActiveCfg = Debug|Any CPU
		{308A9E8D-5D74-4AAA-9C01-F72053B47444}.Debug|Any CPU.Build.0 = Debug|Any CPU
		{308A9E8D-5D74-4AAA-9C01-F72053B47444}.Release|Any CPU.ActiveCfg = Release|Any CPU
		{308A9E8D-5D74-4AAA-9C01-F72053B47444}.Release|Any CPU.Build.0 = Release|Any CPU
		{B9FE6D79-3835-4A18-8FEE-551703838510}.Debug|Any CPU.ActiveCfg = Debug|Any CPU
		{B9FE6D79-3835-4A18-8FEE-551703838510}.Debug|Any CPU.Build.0 = Debug|Any CPU
		{B9FE6D79-3835-4A18-8FEE-551703838510}.Release|Any CPU.ActiveCfg = Release|Any CPU
		{B9FE6D79-3835-4A18-8FEE-551703838510}.Release|Any CPU.Build.0 = Release|Any CPU
		{DA2AA6C8-63EC-401C-AE30-4E06DDDFFD11}.Debug|Any CPU.ActiveCfg = Debug|Any CPU
		{DA2AA6C8-63EC-401C-AE30-4E06DDDFFD11}.Debug|Any CPU.Build.0 = Debug|Any CPU
		{DA2AA6C8-63EC-401C-AE30-4E06DDDFFD11}.Release|Any CPU.ActiveCfg = Release|Any CPU
		{DA2AA6C8-63EC-401C-AE30-4E06DDDFFD11}.Release|Any CPU.Build.0 = Release|Any CPU
		{3BEB31A0-ABFB-46E7-985B-98C38F6AF5A3}.Debug|Any CPU.ActiveCfg = Debug|Any CPU
		{3BEB31A0-ABFB-46E7-985B-98C38F6AF5A3}.Debug|Any CPU.Build.0 = Debug|Any CPU
		{3BEB31A0-ABFB-46E7-985B-98C38F6AF5A3}.Release|Any CPU.ActiveCfg = Release|Any CPU
		{3BEB31A0-ABFB-46E7-985B-98C38F6AF5A3}.Release|Any CPU.Build.0 = Release|Any CPU
		{4E717FC0-105F-4CFB-84D9-08D122CD6634}.Debug|Any CPU.ActiveCfg = Debug|Any CPU
		{4E717FC0-105F-4CFB-84D9-08D122CD6634}.Debug|Any CPU.Build.0 = Debug|Any CPU
		{4E717FC0-105F-4CFB-84D9-08D122CD6634}.Release|Any CPU.ActiveCfg = Release|Any CPU
		{4E717FC0-105F-4CFB-84D9-08D122CD6634}.Release|Any CPU.Build.0 = Release|Any CPU
		{20E6C329-2B6F-4426-904B-65AD0B590741}.Debug|Any CPU.ActiveCfg = Debug|Any CPU
		{20E6C329-2B6F-4426-904B-65AD0B590741}.Debug|Any CPU.Build.0 = Debug|Any CPU
		{20E6C329-2B6F-4426-904B-65AD0B590741}.Release|Any CPU.ActiveCfg = Release|Any CPU
		{20E6C329-2B6F-4426-904B-65AD0B590741}.Release|Any CPU.Build.0 = Release|Any CPU
		{3F86F0DF-82CA-4EC2-8FC7-00B7B62A3A0B}.Debug|Any CPU.ActiveCfg = Debug|Any CPU
		{3F86F0DF-82CA-4EC2-8FC7-00B7B62A3A0B}.Debug|Any CPU.Build.0 = Debug|Any CPU
		{3F86F0DF-82CA-4EC2-8FC7-00B7B62A3A0B}.Release|Any CPU.ActiveCfg = Release|Any CPU
		{3F86F0DF-82CA-4EC2-8FC7-00B7B62A3A0B}.Release|Any CPU.Build.0 = Release|Any CPU
		{F0BA9165-34C0-4A76-B42E-0FC274357AF0}.Debug|Any CPU.ActiveCfg = Debug|Any CPU
		{F0BA9165-34C0-4A76-B42E-0FC274357AF0}.Debug|Any CPU.Build.0 = Debug|Any CPU
		{F0BA9165-34C0-4A76-B42E-0FC274357AF0}.Release|Any CPU.ActiveCfg = Release|Any CPU
		{F0BA9165-34C0-4A76-B42E-0FC274357AF0}.Release|Any CPU.Build.0 = Release|Any CPU
		{C3241050-9B95-49B9-B223-5FACF59F0052}.Debug|Any CPU.ActiveCfg = Debug|Any CPU
		{C3241050-9B95-49B9-B223-5FACF59F0052}.Debug|Any CPU.Build.0 = Debug|Any CPU
		{C3241050-9B95-49B9-B223-5FACF59F0052}.Release|Any CPU.ActiveCfg = Release|Any CPU
		{C3241050-9B95-49B9-B223-5FACF59F0052}.Release|Any CPU.Build.0 = Release|Any CPU
		{0F4A15DC-F4CD-415D-A62D-6B0D95ED25E8}.Debug|Any CPU.ActiveCfg = Debug|Any CPU
		{0F4A15DC-F4CD-415D-A62D-6B0D95ED25E8}.Debug|Any CPU.Build.0 = Debug|Any CPU
		{0F4A15DC-F4CD-415D-A62D-6B0D95ED25E8}.Release|Any CPU.ActiveCfg = Release|Any CPU
		{0F4A15DC-F4CD-415D-A62D-6B0D95ED25E8}.Release|Any CPU.Build.0 = Release|Any CPU
		{253AC0B3-6FE2-480F-A607-F9C72C106459}.Debug|Any CPU.ActiveCfg = Debug|Any CPU
		{253AC0B3-6FE2-480F-A607-F9C72C106459}.Debug|Any CPU.Build.0 = Debug|Any CPU
		{253AC0B3-6FE2-480F-A607-F9C72C106459}.Release|Any CPU.ActiveCfg = Release|Any CPU
		{253AC0B3-6FE2-480F-A607-F9C72C106459}.Release|Any CPU.Build.0 = Release|Any CPU
		{74A17AE8-14C3-441F-AEB2-918E1F7799A2}.Debug|Any CPU.ActiveCfg = Debug|Any CPU
		{74A17AE8-14C3-441F-AEB2-918E1F7799A2}.Debug|Any CPU.Build.0 = Debug|Any CPU
		{74A17AE8-14C3-441F-AEB2-918E1F7799A2}.Release|Any CPU.ActiveCfg = Release|Any CPU
		{74A17AE8-14C3-441F-AEB2-918E1F7799A2}.Release|Any CPU.Build.0 = Release|Any CPU
		{C150AC49-68F4-4157-99F8-4B810B61A2E2}.Debug|Any CPU.ActiveCfg = Debug|Any CPU
		{C150AC49-68F4-4157-99F8-4B810B61A2E2}.Debug|Any CPU.Build.0 = Debug|Any CPU
		{C150AC49-68F4-4157-99F8-4B810B61A2E2}.Release|Any CPU.ActiveCfg = Release|Any CPU
		{C150AC49-68F4-4157-99F8-4B810B61A2E2}.Release|Any CPU.Build.0 = Release|Any CPU
		{FC7F4D6D-B4E2-4EAF-BCD5-D9FA904EC9DF}.Debug|Any CPU.ActiveCfg = Debug|Any CPU
		{FC7F4D6D-B4E2-4EAF-BCD5-D9FA904EC9DF}.Debug|Any CPU.Build.0 = Debug|Any CPU
		{FC7F4D6D-B4E2-4EAF-BCD5-D9FA904EC9DF}.Release|Any CPU.ActiveCfg = Release|Any CPU
		{FC7F4D6D-B4E2-4EAF-BCD5-D9FA904EC9DF}.Release|Any CPU.Build.0 = Release|Any CPU
		{9694F3E6-0248-44F1-8343-CD8016383E4A}.Debug|Any CPU.ActiveCfg = Debug|Any CPU
		{9694F3E6-0248-44F1-8343-CD8016383E4A}.Debug|Any CPU.Build.0 = Debug|Any CPU
		{9694F3E6-0248-44F1-8343-CD8016383E4A}.Release|Any CPU.ActiveCfg = Release|Any CPU
		{9694F3E6-0248-44F1-8343-CD8016383E4A}.Release|Any CPU.Build.0 = Release|Any CPU
		{791634FF-813B-4AAF-9421-E207828DB205}.Debug|Any CPU.ActiveCfg = Debug|Any CPU
		{791634FF-813B-4AAF-9421-E207828DB205}.Debug|Any CPU.Build.0 = Debug|Any CPU
		{791634FF-813B-4AAF-9421-E207828DB205}.Release|Any CPU.ActiveCfg = Release|Any CPU
		{791634FF-813B-4AAF-9421-E207828DB205}.Release|Any CPU.Build.0 = Release|Any CPU
		{4F349336-BE07-4840-B375-1A52B0DE3828}.Debug|Any CPU.ActiveCfg = Debug|Any CPU
		{4F349336-BE07-4840-B375-1A52B0DE3828}.Debug|Any CPU.Build.0 = Debug|Any CPU
		{4F349336-BE07-4840-B375-1A52B0DE3828}.Release|Any CPU.ActiveCfg = Release|Any CPU
		{4F349336-BE07-4840-B375-1A52B0DE3828}.Release|Any CPU.Build.0 = Release|Any CPU
		{A2B71AE5-AA99-4D73-A6B9-41F2CA921F83}.Debug|Any CPU.ActiveCfg = Debug|Any CPU
		{A2B71AE5-AA99-4D73-A6B9-41F2CA921F83}.Debug|Any CPU.Build.0 = Debug|Any CPU
		{A2B71AE5-AA99-4D73-A6B9-41F2CA921F83}.Release|Any CPU.ActiveCfg = Release|Any CPU
		{A2B71AE5-AA99-4D73-A6B9-41F2CA921F83}.Release|Any CPU.Build.0 = Release|Any CPU
	EndGlobalSection
	GlobalSection(SolutionProperties) = preSolution
		HideSolutionNode = FALSE
	EndGlobalSection
	GlobalSection(ExtensibilityGlobals) = postSolution
		SolutionGuid = {EDF3EEDF-673E-4CD3-8EE0-9DEFDF3104BB}
	EndGlobalSection
EndGlobal
