
Microsoft Visual Studio Solution File, Format Version 12.00
# Visual Studio 15
VisualStudioVersion = 15.0.28307.136
MinimumVisualStudioVersion = 10.0.40219.1
Project("{9A19103F-16F7-4668-BE54-9A1E7A4F7556}") = "GraphWebApi", "GraphWebApi\GraphWebApi.csproj", "{9B8D74F3-26AE-4B0E-BFB2-0D9CFF6327C1}"
EndProject
Project("{9A19103F-16F7-4668-BE54-9A1E7A4F7556}") = "CodeSnippetsReflection", "CodeSnippetsReflection\CodeSnippetsReflection.csproj", "{04A2CD71-175A-48C3-BF6F-213CE9CED440}"
EndProject
Project("{FAE04EC0-301F-11D3-BF4B-00C04F79EFBC}") = "CodeSnippetsReflection.Test", "CodeSnippetsReflection.Test\CodeSnippetsReflection.Test.csproj", "{04379F1A-8A18-4079-8C89-E37065FE90D4}"
EndProject
Global
	GlobalSection(SolutionConfigurationPlatforms) = preSolution
		Debug|Any CPU = Debug|Any CPU
		Release|Any CPU = Release|Any CPU
	EndGlobalSection
	GlobalSection(ProjectConfigurationPlatforms) = postSolution
		{9B8D74F3-26AE-4B0E-BFB2-0D9CFF6327C1}.Debug|Any CPU.ActiveCfg = Debug|Any CPU
		{9B8D74F3-26AE-4B0E-BFB2-0D9CFF6327C1}.Debug|Any CPU.Build.0 = Debug|Any CPU
		{9B8D74F3-26AE-4B0E-BFB2-0D9CFF6327C1}.Release|Any CPU.ActiveCfg = Release|Any CPU
		{9B8D74F3-26AE-4B0E-BFB2-0D9CFF6327C1}.Release|Any CPU.Build.0 = Release|Any CPU
		{04A2CD71-175A-48C3-BF6F-213CE9CED440}.Debug|Any CPU.ActiveCfg = Debug|Any CPU
		{04A2CD71-175A-48C3-BF6F-213CE9CED440}.Debug|Any CPU.Build.0 = Debug|Any CPU
		{04A2CD71-175A-48C3-BF6F-213CE9CED440}.Release|Any CPU.ActiveCfg = Release|Any CPU
		{04A2CD71-175A-48C3-BF6F-213CE9CED440}.Release|Any CPU.Build.0 = Release|Any CPU
		{04379F1A-8A18-4079-8C89-E37065FE90D4}.Debug|Any CPU.ActiveCfg = Debug|Any CPU
		{04379F1A-8A18-4079-8C89-E37065FE90D4}.Debug|Any CPU.Build.0 = Debug|Any CPU
		{04379F1A-8A18-4079-8C89-E37065FE90D4}.Release|Any CPU.ActiveCfg = Release|Any CPU
		{04379F1A-8A18-4079-8C89-E37065FE90D4}.Release|Any CPU.Build.0 = Release|Any CPU
	EndGlobalSection
	GlobalSection(SolutionProperties) = preSolution
		HideSolutionNode = FALSE
	EndGlobalSection
	GlobalSection(ExtensibilityGlobals) = postSolution
		SolutionGuid = {EDF3EEDF-673E-4CD3-8EE0-9DEFDF3104BB}
	EndGlobalSection
EndGlobal
